
Microsoft Visual Studio Solution File, Format Version 12.00
# Visual Studio Version 16
VisualStudioVersion = 16.0.30406.217
MinimumVisualStudioVersion = 10.0.40219.1
Project("{FAE04EC0-301F-11D3-BF4B-00C04F79EFBC}") = "MOZGUI.Fireup", "MOZGUI.Fireup\MOZGUI.Fireup.csproj", "{479030CF-467E-4222-8CD7-97E0A755100F}"
EndProject
Global
	GlobalSection(SolutionConfigurationPlatforms) = preSolution
		Debug|Any CPU = Debug|Any CPU
		Release|Any CPU = Release|Any CPU
	EndGlobalSection
	GlobalSection(ProjectConfigurationPlatforms) = postSolution
		{479030CF-467E-4222-8CD7-97E0A755100F}.Debug|Any CPU.ActiveCfg = Debug|Any CPU
		{479030CF-467E-4222-8CD7-97E0A755100F}.Debug|Any CPU.Build.0 = Debug|Any CPU
		{479030CF-467E-4222-8CD7-97E0A755100F}.Release|Any CPU.ActiveCfg = Release|Any CPU
		{479030CF-467E-4222-8CD7-97E0A755100F}.Release|Any CPU.Build.0 = Release|Any CPU
	EndGlobalSection
	GlobalSection(SolutionProperties) = preSolution
		HideSolutionNode = FALSE
	EndGlobalSection
	GlobalSection(ExtensibilityGlobals) = postSolution
		SolutionGuid = {5B47F23A-006D-41BC-A4B2-A7424870EC2F}
	EndGlobalSection
EndGlobal
